
Microsoft Visual Studio Solution File, Format Version 12.00
# Visual Studio Version 16
VisualStudioVersion = 16.0.30517.126
MinimumVisualStudioVersion = 10.0.40219.1
Project("{FAE04EC0-301F-11D3-BF4B-00C04F79EFBC}") = "HandsOnActivity02", "HandsOnActivity02\HandsOnActivity02.csproj", "{2D2C4C3D-D60B-4306-995A-7AFF850A6721}"
EndProject
Global
	GlobalSection(SolutionConfigurationPlatforms) = preSolution
		Debug|Any CPU = Debug|Any CPU
		Release|Any CPU = Release|Any CPU
	EndGlobalSection
	GlobalSection(ProjectConfigurationPlatforms) = postSolution
		{2D2C4C3D-D60B-4306-995A-7AFF850A6721}.Debug|Any CPU.ActiveCfg = Debug|Any CPU
		{2D2C4C3D-D60B-4306-995A-7AFF850A6721}.Debug|Any CPU.Build.0 = Debug|Any CPU
		{2D2C4C3D-D60B-4306-995A-7AFF850A6721}.Release|Any CPU.ActiveCfg = Release|Any CPU
		{2D2C4C3D-D60B-4306-995A-7AFF850A6721}.Release|Any CPU.Build.0 = Release|Any CPU
	EndGlobalSection
	GlobalSection(SolutionProperties) = preSolution
		HideSolutionNode = FALSE
	EndGlobalSection
	GlobalSection(ExtensibilityGlobals) = postSolution
		SolutionGuid = {4ED470B1-A209-4D25-939D-DD2C93139367}
	EndGlobalSection
EndGlobal
